schema: '2.0'
stages:
  prepare_data:
    cmd: python src/stage_01_prepare.py
    deps:
    - path: configs/config.yaml
      md5: 113377e7ec982dde7bf67bd86483af8d
      size: 229
    - path: data/data.xml
      md5: a304afb96060aad90176268345e10355
      size: 37891850
    - path: src/stage_01_prepare.py
      md5: 78bd562c28e36628eb34677d66c3a98c
      size: 2054
    - path: src/utils/common.py
      md5: 3a91b9c73d96e27cabd609e8e644b57a
      size: 681
    - path: src/utils/data_mgmt.py
      md5: c99bf15bbc772593af40bc8364f2b875
      size: 872
    params:
      params.yaml:
        prepare.seed: 2021
        prepare.split: 0.2
    outs:
    - path: artifacts/prepared/test.tsv
      md5: 60c757f3b30604473de7fa775dfc00d9
      size: 4899778
    - path: artifacts/prepared/train.tsv
      md5: 553034c4cf40efc63c99c19fe98610d0
      size: 18986541
